
Microsoft Visual Studio Solution File, Format Version 12.00
# Visual Studio Version 17
VisualStudioVersion = 17.7.34003.232
MinimumVisualStudioVersion = 10.0.40219.1
Project("{9A19103F-16F7-4668-BE54-9A1E7A4F7556}") = "APIAutomation", "APIAutomation.csproj", "{2525D154-60AB-4075-B01C-D807850BA37F}"
EndProject
Project("{FAE04EC0-301F-11D3-BF4B-00C04F79EFBC}") = "Test", "..\Test\Test.csproj", "{C835930F-BCCD-4A40-AA0F-341546C9F66D}"
EndProject
Global
	GlobalSection(SolutionConfigurationPlatforms) = preSolution
		Debug|Any CPU = Debug|Any CPU
		Release|Any CPU = Release|Any CPU
	EndGlobalSection
	GlobalSection(ProjectConfigurationPlatforms) = postSolution
		{2525D154-60AB-4075-B01C-D807850BA37F}.Debug|Any CPU.ActiveCfg = Debug|Any CPU
		{2525D154-60AB-4075-B01C-D807850BA37F}.Debug|Any CPU.Build.0 = Debug|Any CPU
		{2525D154-60AB-4075-B01C-D807850BA37F}.Release|Any CPU.ActiveCfg = Release|Any CPU
		{2525D154-60AB-4075-B01C-D807850BA37F}.Release|Any CPU.Build.0 = Release|Any CPU
		{C835930F-BCCD-4A40-AA0F-341546C9F66D}.Debug|Any CPU.ActiveCfg = Debug|Any CPU
		{C835930F-BCCD-4A40-AA0F-341546C9F66D}.Debug|Any CPU.Build.0 = Debug|Any CPU
		{C835930F-BCCD-4A40-AA0F-341546C9F66D}.Release|Any CPU.ActiveCfg = Release|Any CPU
		{C835930F-BCCD-4A40-AA0F-341546C9F66D}.Release|Any CPU.Build.0 = Release|Any CPU
	EndGlobalSection
	GlobalSection(SolutionProperties) = preSolution
		HideSolutionNode = FALSE
	EndGlobalSection
	GlobalSection(ExtensibilityGlobals) = postSolution
		SolutionGuid = {16E45F25-4F46-4297-9F3E-836A95F21DC4}
	EndGlobalSection
EndGlobal
