
Microsoft Visual Studio Solution File, Format Version 12.00
# Visual Studio Version 17
VisualStudioVersion = 17.7.34003.232
MinimumVisualStudioVersion = 10.0.40219.1
Project("{FAE04EC0-301F-11D3-BF4B-00C04F79EFBC}") = "05_DataBindingMode", "05_DataBindingMode.csproj", "{9B198C3C-C187-42DB-A3A6-38F67C2C4E8A}"
EndProject
Global
	GlobalSection(SolutionConfigurationPlatforms) = preSolution
		Debug|Any CPU = Debug|Any CPU
		Release|Any CPU = Release|Any CPU
	EndGlobalSection
	GlobalSection(ProjectConfigurationPlatforms) = postSolution
		{9B198C3C-C187-42DB-A3A6-38F67C2C4E8A}.Debug|Any CPU.ActiveCfg = Debug|Any CPU
		{9B198C3C-C187-42DB-A3A6-38F67C2C4E8A}.Debug|Any CPU.Build.0 = Debug|Any CPU
		{9B198C3C-C187-42DB-A3A6-38F67C2C4E8A}.Release|Any CPU.ActiveCfg = Release|Any CPU
		{9B198C3C-C187-42DB-A3A6-38F67C2C4E8A}.Release|Any CPU.Build.0 = Release|Any CPU
	EndGlobalSection
	GlobalSection(SolutionProperties) = preSolution
		HideSolutionNode = FALSE
	EndGlobalSection
	GlobalSection(ExtensibilityGlobals) = postSolution
		SolutionGuid = {6A85119C-A3DC-452C-9399-805F30E755A0}
	EndGlobalSection
EndGlobal
